
Microsoft Visual Studio Solution File, Format Version 12.00
# Visual Studio 15
VisualStudioVersion = 15.0.26730.16
MinimumVisualStudioVersion = 10.0.40219.1
Project("{F184B08F-C81C-45F6-A57F-5ABD9991F28F}") = "NuGetRefTest", "NuGetRefTest\NuGetRefTest.vbproj", "{F53F9154-ACB5-4060-A686-A548D177AF22}"
EndProject
Project("{F184B08F-C81C-45F6-A57F-5ABD9991F28F}") = "LibWithRef", "LibWithRef\LibWithRef.vbproj", "{967CD65A-3644-4F42-BF49-9DEA9A16AF25}"
EndProject
Global
	GlobalSection(SolutionConfigurationPlatforms) = preSolution
		Debug|Any CPU = Debug|Any CPU
		Release|Any CPU = Release|Any CPU
	EndGlobalSection
	GlobalSection(ProjectConfigurationPlatforms) = postSolution
		{F53F9154-ACB5-4060-A686-A548D177AF22}.Debug|Any CPU.ActiveCfg = Debug|Any CPU
		{F53F9154-ACB5-4060-A686-A548D177AF22}.Debug|Any CPU.Build.0 = Debug|Any CPU
		{F53F9154-ACB5-4060-A686-A548D177AF22}.Release|Any CPU.ActiveCfg = Release|Any CPU
		{F53F9154-ACB5-4060-A686-A548D177AF22}.Release|Any CPU.Build.0 = Release|Any CPU
		{967CD65A-3644-4F42-BF49-9DEA9A16AF25}.Debug|Any CPU.ActiveCfg = Debug|Any CPU
		{967CD65A-3644-4F42-BF49-9DEA9A16AF25}.Debug|Any CPU.Build.0 = Debug|Any CPU
		{967CD65A-3644-4F42-BF49-9DEA9A16AF25}.Release|Any CPU.ActiveCfg = Release|Any CPU
		{967CD65A-3644-4F42-BF49-9DEA9A16AF25}.Release|Any CPU.Build.0 = Release|Any CPU
	EndGlobalSection
	GlobalSection(SolutionProperties) = preSolution
		HideSolutionNode = FALSE
	EndGlobalSection
	GlobalSection(ExtensibilityGlobals) = postSolution
		SolutionGuid = {EBCE3A0C-FF4E-4642-BBB9-F1E97489E6DE}
	EndGlobalSection
EndGlobal
